
Microsoft Visual Studio Solution File, Format Version 12.00
# Visual Studio 15
VisualStudioVersion = 15.0.28307.106
MinimumVisualStudioVersion = 10.0.40219.1
Project("{8BC9CEB8-8B4A-11D0-8D11-00A0C91BC942}") = "ASCII_art", "ASCII_art\ASCII_art.vcxproj", "{A107EAA0-A2BF-4B39-A771-72B5D0FC9180}"
EndProject
Global
	GlobalSection(SolutionConfigurationPlatforms) = preSolution
		Debug|Win32 = Debug|Win32
		Debug|x64 = Debug|x64
		Release|Win32 = Release|Win32
		Release|x64 = Release|x64
	EndGlobalSection
	GlobalSection(ProjectConfigurationPlatforms) = postSolution
		{A107EAA0-A2BF-4B39-A771-72B5D0FC9180}.Debug|Win32.ActiveCfg = Debug|Win32
		{A107EAA0-A2BF-4B39-A771-72B5D0FC9180}.Debug|Win32.Build.0 = Debug|Win32
		{A107EAA0-A2BF-4B39-A771-72B5D0FC9180}.Debug|x64.ActiveCfg = x64|x64
		{A107EAA0-A2BF-4B39-A771-72B5D0FC9180}.Debug|x64.Build.0 = Debug|x64
		{A107EAA0-A2BF-4B39-A771-72B5D0FC9180}.Release|Win32.ActiveCfg = Release|Win32
		{A107EAA0-A2BF-4B39-A771-72B5D0FC9180}.Release|Win32.Build.0 = Release|Win32
		{A107EAA0-A2BF-4B39-A771-72B5D0FC9180}.Release|x64.ActiveCfg = Release|x64
		{A107EAA0-A2BF-4B39-A771-72B5D0FC9180}.Release|x64.Build.0 = Release|x64
	EndGlobalSection
	GlobalSection(SolutionProperties) = preSolution
		HideSolutionNode = FALSE
	EndGlobalSection
	GlobalSection(ExtensibilityGlobals) = postSolution
		SolutionGuid = {B3ECF232-3A66-4FFA-B378-BE1E3545BB27}
	EndGlobalSection
EndGlobal
