
Microsoft Visual Studio Solution File, Format Version 12.00
# Visual Studio 2013
VisualStudioVersion = 12.0.40629.0
MinimumVisualStudioVersion = 10.0.40219.1
Project("{FAE04EC0-301F-11D3-BF4B-00C04F79EFBC}") = "Genetic Tour", "Genetic Tour\Genetic Tour.csproj", "{177C43E9-41B7-4587-94A6-249FEB9413EA}"
EndProject
Global
	GlobalSection(SolutionConfigurationPlatforms) = preSolution
		Debug|Any CPU = Debug|Any CPU
		Release|Any CPU = Release|Any CPU
	EndGlobalSection
	GlobalSection(ProjectConfigurationPlatforms) = postSolution
		{177C43E9-41B7-4587-94A6-249FEB9413EA}.Debug|Any CPU.ActiveCfg = Debug|Any CPU
		{177C43E9-41B7-4587-94A6-249FEB9413EA}.Debug|Any CPU.Build.0 = Debug|Any CPU
		{177C43E9-41B7-4587-94A6-249FEB9413EA}.Release|Any CPU.ActiveCfg = Release|Any CPU
		{177C43E9-41B7-4587-94A6-249FEB9413EA}.Release|Any CPU.Build.0 = Release|Any CPU
	EndGlobalSection
	GlobalSection(SolutionProperties) = preSolution
		HideSolutionNode = FALSE
	EndGlobalSection
EndGlobal
